// !$*UTF8*$!
{
	archiveVersion = 1;
	classes = {
	};
	objectVersion = 77;
	objects = {

/* Begin PBXContainerItemProxy section */
		2C1E3EF22FECB3F9000026A3 /* PBXContainerItemProxy */ = {
			isa = PBXContainerItemProxy;
			containerPortal = 2C1E3EDA2FECB3F6000026A3 /* Project object */;
			proxyType = 1;
			remoteGlobalIDString = 2C1E3EE12FECB3F6000026A3;
			remoteInfo = PorteosIntelligence;
		};
		2C1E3EFC2FECB3F9000026A3 /* PBXContainerItemProxy */ = {
			isa = PBXContainerItemProxy;
			containerPortal = 2C1E3EDA2FECB3F6000026A3 /* Project object */;
			proxyType = 1;
			remoteGlobalIDString = 2C1E3EE12FECB3F6000026A3;
			remoteInfo = PorteosIntelligence;
		};
/* End PBXContainerItemProxy section */

/* Begin PBXFileReference section */
		2C1E3EE22FECB3F6000026A3 /* PorteosIntelligence.app */ = {isa = PBXFileReference; explicitFileType = wrapper.application; includeInIndex = 0; path = PorteosIntelligence.app; sourceTree = BUILT_PRODUCTS_DIR; };
		2C1E3EF12FECB3F9000026A3 /* PorteosIntelligenceTests.xctest */ = {isa = PBXFileReference; explicitFileType = wrapper.cfbundle; includeInIndex = 0; path = PorteosIntelligenceTests.xctest; sourceTree = BUILT_PRODUCTS_DIR; };
		2C1E3EFB2FECB3F9000026A3 /* PorteosIntelligenceUITests.xctest */ = {isa = PBXFileReference; explicitFileType = wrapper.cfbundle; includeInIndex = 0; path = PorteosIntelligenceUITests.xctest; sourceTree = BUILT_PRODUCTS_DIR; };
/* End PBXFileReference section */

/* Begin PBXFileSystemSynchronizedRootGroup section */
		2C1E3EE42FECB3F6000026A3 /* PorteosIntelligence */ = {
			isa = PBXFileSystemSynchronizedRootGroup;
			path = PorteosIntelligence;
			sourceTree = "<group>";
		};
		2C1E3EF42FECB3F9000026A3 /* PorteosIntelligenceTests */ = {
			isa = PBXFileSystemSynchronizedRootGroup;
			path = PorteosIntelligenceTests;
			sourceTree = "<group>";
		};
		2C1E3EFE2FECB3F9000026A3 /* PorteosIntelligenceUITests */ = {
			isa = PBXFileSystemSynchronizedRootGroup;
			path = PorteosIntelligenceUITests;
			sourceTree = "<group>";
		};
/* End PBXFileSystemSynchronizedRootGroup section */

/* Begin PBXFrameworksBuildPhase section */
		2C1E3EDF2FECB3F6000026A3 /* Frameworks */ = {
			isa = PBXFrameworksBuildPhase;
			buildActionMask = 2147483647;
			files = (
			);
			runOnlyForDeploymentPostprocessing = 0;
		};
		2C1E3EEE2FECB3F9000026A3 /* Frameworks */ = {
			isa = PBXFrameworksBuildPhase;
			buildActionMask = 2147483647;
			files = (
			);
			runOnlyForDeploymentPostprocessing = 0;
		};
		2C1E3EF82FECB3F9000026A3 /* Frameworks */ = {
			isa = PBXFrameworksBuildPhase;
			buildActionMask = 2147483647;
			files = (
			);
			runOnlyForDeploymentPostprocessing = 0;
		};
/* End PBXFrameworksBuildPhase section */

/* Begin PBXGroup section */
		2C1E3ED92FECB3F6000026A3 = {
			isa = PBXGroup;
			children = (
				2C1E3EE42FECB3F6000026A3 /* PorteosIntelligence */,
				2C1E3EF42FECB3F9000026A3 /* PorteosIntelligenceTests */,
				2C1E3EFE2FECB3F9000026A3 /* PorteosIntelligenceUITests */,
				2C1E3EE32FECB3F6000026A3 /* Products */,
			);
			sourceTree = "<group>";
		};
		2C1E3EE32FECB3F6000026A3 /* Products */ = {
			isa = PBXGroup;
			children = (
				2C1E3EE22FECB3F6000026A3 /* PorteosIntelligence.app */,
				2C1E3EF12FECB3F9000026A3 /* PorteosIntelligenceTests.xctest */,
				2C1E3EFB2FECB3F9000026A3 /* PorteosIntelligenceUITests.xctest */,
			);
			name = Products;
			sourceTree = "<group>";
		};
/* End PBXGroup section */

/* Begin PBXNativeTarget section */
		2C1E3EE12FECB3F6000026A3 /* PorteosIntelligence */ = {
			isa = PBXNativeTarget;
			buildConfigurationList = 2C1E3F052FECB3F9000026A3 /* Build configuration list for PBXNativeTarget "PorteosIntelligence" */;
			buildPhases = (
				2C1E3EDE2FECB3F6000026A3 /* Sources */,
				2C1E3EDF2FECB3F6000026A3 /* Frameworks */,
				2C1E3EE02FECB3F6000026A3 /* Resources */,
			);
			buildRules = (
			);
			dependencies = (
			);
			fileSystemSynchronizedGroups = (
				2C1E3EE42FECB3F6000026A3 /* PorteosIntelligence */,
			);
			name = PorteosIntelligence;
			packageProductDependencies = (
			);
			productName = PorteosIntelligence;
			productReference = 2C1E3EE22FECB3F6000026A3 /* PorteosIntelligence.app */;
			productType = "com.apple.product-type.application";
		};
		2C1E3EF02FECB3F9000026A3 /* PorteosIntelligenceTests */ = {
			isa = PBXNativeTarget;
			buildConfigurationList = 2C1E3F082FECB3F9000026A3 /* Build configuration list for PBXNativeTarget "PorteosIntelligenceTests" */;
			buildPhases = (
				2C1E3EED2FECB3F9000026A3 /* Sources */,
				2C1E3EEE2FECB3F9000026A3 /* Frameworks */,
				2C1E3EEF2FECB3F9000026A3 /* Resources */,
			);
			buildRules = (
			);
			dependencies = (
				2C1E3EF32FECB3F9000026A3 /* PBXTargetDependency */,
			);
			fileSystemSynchronizedGroups = (
				2C1E3EF42FECB3F9000026A3 /* PorteosIntelligenceTests */,
			);
			name = PorteosIntelligenceTests;
			packageProductDependencies = (
			);
			productName = PorteosIntelligenceTests;
			productReference = 2C1E3EF12FECB3F9000026A3 /* PorteosIntelligenceTests.xctest */;
			productType = "com.apple.product-type.bundle.unit-test";
		};
		2C1E3EFA2FECB3F9000026A3 /* PorteosIntelligenceUITests */ = {
			isa = PBXNativeTarget;
			buildConfigurationList = 2C1E3F0B2FECB3F9000026A3 /* Build configuration list for PBXNativeTarget "PorteosIntelligenceUITests" */;
			buildPhases = (
				2C1E3EF72FECB3F9000026A3 /* Sources */,
				2C1E3EF82FECB3F9000026A3 /* Frameworks */,
				2C1E3EF92FECB3F9000026A3 /* Resources */,
			);
			buildRules = (
			);
			dependencies = (
				2C1E3EFD2FECB3F9000026A3 /* PBXTargetDependency */,
			);
			fileSystemSynchronizedGroups = (
				2C1E3EFE2FECB3F9000026A3 /* PorteosIntelligenceUITests */,
			);
			name = PorteosIntelligenceUITests;
			packageProductDependencies = (
			);
			productName = PorteosIntelligenceUITests;
			productReference = 2C1E3EFB2FECB3F9000026A3 /* PorteosIntelligenceUITests.xctest */;
			productType = "com.apple.product-type.bundle.ui-testing";
		};
/* End PBXNativeTarget section */

/* Begin PBXProject section */
		2C1E3EDA2FECB3F6000026A3 /* Project object */ = {
			isa = PBXProject;
			attributes = {
				BuildIndependentTargetsInParallel = 1;
				LastSwiftUpdateCheck = 2650;
				LastUpgradeCheck = 2660;
				TargetAttributes = {
					2C1E3EE12FECB3F6000026A3 = {
						CreatedOnToolsVersion = 26.5;
					};
					2C1E3EF02FECB3F9000026A3 = {
						CreatedOnToolsVersion = 26.5;
						TestTargetID = 2C1E3EE12FECB3F6000026A3;
					};
					2C1E3EFA2FECB3F9000026A3 = {
						CreatedOnToolsVersion = 26.5;
						TestTargetID = 2C1E3EE12FECB3F6000026A3;
					};
				};
			};
			buildConfigurationList = 2C1E3EDD2FECB3F6000026A3 /* Build configuration list for PBXProject "PorteosIntelligence" */;
			developmentRegion = en;
			hasScannedForEncodings = 0;
			knownRegions = (
				en,
				Base,
			);
			mainGroup = 2C1E3ED92FECB3F6000026A3;
			minimizedProjectReferenceProxies = 1;
			preferredProjectObjectVersion = 77;
			productRefGroup = 2C1E3EE32FECB3F6000026A3 /* Products */;
			projectDirPath = "";
			projectRoot = "";
			targets = (
				2C1E3EE12FECB3F6000026A3 /* PorteosIntelligence */,
				2C1E3EF02FECB3F9000026A3 /* PorteosIntelligenceTests */,
				2C1E3EFA2FECB3F9000026A3 /* PorteosIntelligenceUITests */,
			);
		};
/* End PBXProject section */

/* Begin PBXResourcesBuildPhase section */
		2C1E3EE02FECB3F6000026A3 /* Resources */ = {
			isa = PBXResourcesBuildPhase;
			buildActionMask = 2147483647;
			files = (
			);
			runOnlyForDeploymentPostprocessing = 0;
		};
		2C1E3EEF2FECB3F9000026A3 /* Resources */ = {
			isa = PBXResourcesBuildPhase;
			buildActionMask = 2147483647;
			files = (
			);
			runOnlyForDeploymentPostprocessing = 0;
		};
		2C1E3EF92FECB3F9000026A3 /* Resources */ = {
			isa = PBXResourcesBuildPhase;
			buildActionMask = 2147483647;
			files = (
			);
			runOnlyForDeploymentPostprocessing = 0;
		};
/* End PBXResourcesBuildPhase section */

/* Begin PBXSourcesBuildPhase section */
		2C1E3EDE2FECB3F6000026A3 /* Sources */ = {
			isa = PBXSourcesBuildPhase;
			buildActionMask = 2147483647;
			files = (
			);
			runOnlyForDeploymentPostprocessing = 0;
		};
		2C1E3EED2FECB3F9000026A3 /* Sources */ = {
			isa = PBXSourcesBuildPhase;
			buildActionMask = 2147483647;
			files = (
			);
			runOnlyForDeploymentPostprocessing = 0;
		};
		2C1E3EF72FECB3F9000026A3 /* Sources */ = {
			isa = PBXSourcesBuildPhase;
			buildActionMask = 2147483647;
			files = (
			);
			runOnlyForDeploymentPostprocessing = 0;
		};
/* End PBXSourcesBuildPhase section */

/* Begin PBXTargetDependency section */
		2C1E3EF32FECB3F9000026A3 /* PBXTargetDependency */ = {
			isa = PBXTargetDependency;
			target = 2C1E3EE12FECB3F6000026A3 /* PorteosIntelligence */;
			targetProxy = 2C1E3EF22FECB3F9000026A3 /* PBXContainerItemProxy */;
		};
		2C1E3EFD2FECB3F9000026A3 /* PBXTargetDependency */ = {
			isa = PBXTargetDependency;
			target = 2C1E3EE12FECB3F6000026A3 /* PorteosIntelligence */;
			targetProxy = 2C1E3EFC2FECB3F9000026A3 /* PBXContainerItemProxy */;
		};
/* End PBXTargetDependency section */

/* Begin XCBuildConfiguration section */
		2C1E3F032FECB3F9000026A3 /* Debug */ = {
			isa = XCBuildConfiguration;
			buildSettings = {
				ALWAYS_SEARCH_USER_PATHS = NO;
				ASSETCATALOG_COMPILER_GENERATE_SWIFT_ASSET_SYMBOL_EXTENSIONS = YES;
				CLANG_ANALYZER_NONNULL = YES;
				CLANG_ANALYZER_NUMBER_OBJECT_CONVERSION = YES_AGGRESSIVE;
				CLANG_CXX_LANGUAGE_STANDARD = "gnu++20";
				CLANG_ENABLE_MODULES = YES;
				CLANG_ENABLE_OBJC_ARC = YES;
				CLANG_ENABLE_OBJC_WEAK = YES;
				CLANG_WARN_BLOCK_CAPTURE_AUTORELEASING = YES;
				CLANG_WARN_BOOL_CONVERSION = YES;
				CLANG_WARN_COMMA = YES;
				CLANG_WARN_CONSTANT_CONVERSION = YES;
				CLANG_WARN_DEPRECATED_OBJC_IMPLEMENTATIONS = YES;
				CLANG_WARN_DIRECT_OBJC_ISA_USAGE = YES_ERROR;
				CLANG_WARN_DOCUMENTATION_COMMENTS = YES;
				CLANG_WARN_EMPTY_BODY = YES;
				CLANG_WARN_ENUM_CONVERSION = YES;
				CLANG_WARN_INFINITE_RECURSION = YES;
				CLANG_WARN_INT_CONVERSION = YES;
				CLANG_WARN_NON_LITERAL_NULL_CONVERSION = YES;
				CLANG_WARN_OBJC_IMPLICIT_RETAIN_SELF = YES;
				CLANG_WARN_OBJC_LITERAL_CONVERSION = YES;
				CLANG_WARN_OBJC_ROOT_CLASS = YES_ERROR;
				CLANG_WARN_QUOTED_INCLUDE_IN_FRAMEWORK_HEADER = YES;
				CLANG_WARN_RANGE_LOOP_ANALYSIS = YES;
				CLANG_WARN_STRICT_PROTOTYPES = YES;
				CLANG_WARN_SUSPICIOUS_MOVE = YES;
				CLANG_WARN_UNGUARDED_AVAILABILITY = YES_AGGRESSIVE;
				CLANG_WARN_UNREACHABLE_CODE = YES;
				CLANG_WARN__DUPLICATE_METHOD_MATCH = YES;
				COPY_PHASE_STRIP = NO;
				DEAD_CODE_STRIPPING = YES;
				DEBUG_INFORMATION_FORMAT = dwarf;
				DEVELOPMENT_TEAM = A33AU765BV;
				ENABLE_STRICT_OBJC_MSGSEND = YES;
				ENABLE_TESTABILITY = YES;
				ENABLE_USER_SCRIPT_SANDBOXING = YES;
				GCC_C_LANGUAGE_STANDARD = gnu17;
				GCC_DYNAMIC_NO_PIC = NO;
				GCC_NO_COMMON_BLOCKS = YES;
				GCC_OPTIMIZATION_LEVEL = 0;
				GCC_PREPROCESSOR_DEFINITIONS = (
					"DEBUG=1",
					"$(inherited)",
				);
				GCC_WARN_64_TO_32_BIT_CONVERSION = YES;
				GCC_WARN_ABOUT_RETURN_TYPE = YES_ERROR;
				GCC_WARN_UNDECLARED_SELECTOR = YES;
				GCC_WARN_UNINITIALIZED_AUTOS = YES_AGGRESSIVE;
				GCC_WARN_UNUSED_FUNCTION = YES;
				GCC_WARN_UNUSED_VARIABLE = YES;
				LOCALIZATION_PREFERS_STRING_CATALOGS = YES;
				MACOSX_DEPLOYMENT_TARGET = 26.5;
				MTL_ENABLE_DEBUG_INFO = INCLUDE_SOURCE;
				MTL_FAST_MATH = YES;
				ONLY_ACTIVE_ARCH = YES;
				SDKROOT = macosx;
				STRING_CATALOG_GENERATE_SYMBOLS = YES;
				SWIFT_ACTIVE_COMPILATION_CONDITIONS = "DEBUG $(inherited)";
				SWIFT_OPTIMIZATION_LEVEL = "-Onone";
			};
			name = Debug;
		};
		2C1E3F042FECB3F9000026A3 /* Release */ = {
			isa = XCBuildConfiguration;
			buildSettings = {
				ALWAYS_SEARCH_USER_PATHS = NO;
				ASSETCATALOG_COMPILER_GENERATE_SWIFT_ASSET_SYMBOL_EXTENSIONS = YES;
				CLANG_ANALYZER_NONNULL = YES;
				CLANG_ANALYZER_NUMBER_OBJECT_CONVERSION = YES_AGGRESSIVE;
				CLANG_CXX_LANGUAGE_STANDARD = "gnu++20";
				CLANG_ENABLE_MODULES = YES;
				CLANG_ENABLE_OBJC_ARC = YES;
				CLANG_ENABLE_OBJC_WEAK = YES;
				CLANG_WARN_BLOCK_CAPTURE_AUTORELEASING = YES;
				CLANG_WARN_BOOL_CONVERSION = YES;
				CLANG_WARN_COMMA = YES;
				CLANG_WARN_CONSTANT_CONVERSION = YES;
				CLANG_WARN_DEPRECATED_OBJC_IMPLEMENTATIONS = YES;
				CLANG_WARN_DIRECT_OBJC_ISA_USAGE = YES_ERROR;
				CLANG_WARN_DOCUMENTATION_COMMENTS = YES;
				CLANG_WARN_EMPTY_BODY = YES;
				CLANG_WARN_ENUM_CONVERSION = YES;
				CLANG_WARN_INFINITE_RECURSION = YES;
				CLANG_WARN_INT_CONVERSION = YES;
				CLANG_WARN_NON_LITERAL_NULL_CONVERSION = YES;
				CLANG_WARN_OBJC_IMPLICIT_RETAIN_SELF = YES;
				CLANG_WARN_OBJC_LITERAL_CONVERSION = YES;
				CLANG_WARN_OBJC_ROOT_CLASS = YES_ERROR;
				CLANG_WARN_QUOTED_INCLUDE_IN_FRAMEWORK_HEADER = YES;
				CLANG_WARN_RANGE_LOOP_ANALYSIS = YES;
				CLANG_WARN_STRICT_PROTOTYPES = YES;
				CLANG_WARN_SUSPICIOUS_MOVE = YES;
				CLANG_WARN_UNGUARDED_AVAILABILITY = YES_AGGRESSIVE;
				CLANG_WARN_UNREACHABLE_CODE = YES;
				CLANG_WARN__DUPLICATE_METHOD_MATCH = YES;
				COPY_PHASE_STRIP = NO;
				DEAD_CODE_STRIPPING = YES;
				DEBUG_INFORMATION_FORMAT = "dwarf-with-dsym";
				DEVELOPMENT_TEAM = A33AU765BV;
				ENABLE_NS_ASSERTIONS = NO;
				ENABLE_STRICT_OBJC_MSGSEND = YES;
				ENABLE_USER_SCRIPT_SANDBOXING = YES;
				GCC_C_LANGUAGE_STANDARD = gnu17;
				GCC_NO_COMMON_BLOCKS = YES;
				GCC_WARN_64_TO_32_BIT_CONVERSION = YES;
				GCC_WARN_ABOUT_RETURN_TYPE = YES_ERROR;
				GCC_WARN_UNDECLARED_SELECTOR = YES;
				GCC_WARN_UNINITIALIZED_AUTOS = YES_AGGRESSIVE;
				GCC_WARN_UNUSED_FUNCTION = YES;
				GCC_WARN_UNUSED_VARIABLE = YES;
				LOCALIZATION_PREFERS_STRING_CATALOGS = YES;
				MACOSX_DEPLOYMENT_TARGET = 26.5;
				MTL_ENABLE_DEBUG_INFO = NO;
				MTL_FAST_MATH = YES;
				SDKROOT = macosx;
				STRING_CATALOG_GENERATE_SYMBOLS = YES;
				SWIFT_COMPILATION_MODE = wholemodule;
			};
			name = Release;
		};
		2C1E3F062FECB3F9000026A3 /* Debug */ = {
			isa = XCBuildConfiguration;
			buildSettings = {
				ASSETCATALOG_COMPILER_APPICON_NAME = AppIcon;
				ASSETCATALOG_COMPILER_GLOBAL_ACCENT_COLOR_NAME = AccentColor;
				CODE_SIGN_ENTITLEMENTS = PorteosIntelligence/PorteosIntelligence.entitlements;
				CODE_SIGN_STYLE = Automatic;
				COMBINE_HIDPI_IMAGES = YES;
				CURRENT_PROJECT_VERSION = 1;
				DEAD_CODE_STRIPPING = YES;
				DEVELOPMENT_TEAM = A33AU765BV;
				ENABLE_APP_SANDBOX = YES;
				ENABLE_HARDENED_RUNTIME = YES;
				ENABLE_PREVIEWS = YES;
				ENABLE_USER_SELECTED_FILES = readwrite;
				GENERATE_INFOPLIST_FILE = YES;
				INFOPLIST_KEY_ATSApplicationFontsPath = Fonts;
				INFOPLIST_KEY_CFBundleDisplayName = "Porteos Intelligence";
				INFOPLIST_KEY_LSApplicationCategoryType = "public.app-category.finance";
				INFOPLIST_KEY_NSHumanReadableCopyright = "";
				LD_RUNPATH_SEARCH_PATHS = (
					"$(inherited)",
					"@executable_path/../Frameworks",
				);
				MACOSX_DEPLOYMENT_TARGET = 14.6;
				MARKETING_VERSION = 1.1;
				PRODUCT_BUNDLE_IDENTIFIER = com.porteos.native.v2;
				PRODUCT_NAME = "$(TARGET_NAME)";
				REGISTER_APP_GROUPS = YES;
				STRING_CATALOG_GENERATE_SYMBOLS = YES;
				SWIFT_APPROACHABLE_CONCURRENCY = YES;
				SWIFT_DEFAULT_ACTOR_ISOLATION = MainActor;
				SWIFT_EMIT_LOC_STRINGS = YES;
				SWIFT_UPCOMING_FEATURE_MEMBER_IMPORT_VISIBILITY = YES;
				SWIFT_VERSION = 5.0;
			};
			name = Debug;
		};
		2C1E3F072FECB3F9000026A3 /* Release */ = {
			isa = XCBuildConfiguration;
			buildSettings = {
				ASSETCATALOG_COMPILER_APPICON_NAME = AppIcon;
				ASSETCATALOG_COMPILER_GLOBAL_ACCENT_COLOR_NAME = AccentColor;
				CODE_SIGN_ENTITLEMENTS = PorteosIntelligence/PorteosIntelligence.entitlements;
				CODE_SIGN_STYLE = Automatic;
				COMBINE_HIDPI_IMAGES = YES;
				CURRENT_PROJECT_VERSION = 1;
				DEAD_CODE_STRIPPING = YES;
				DEVELOPMENT_TEAM = A33AU765BV;
				ENABLE_APP_SANDBOX = YES;
				ENABLE_HARDENED_RUNTIME = YES;
				ENABLE_PREVIEWS = YES;
				ENABLE_USER_SELECTED_FILES = readwrite;
				GENERATE_INFOPLIST_FILE = YES;
				INFOPLIST_KEY_ATSApplicationFontsPath = Fonts;
				INFOPLIST_KEY_CFBundleDisplayName = "Porteos Intelligence";
				INFOPLIST_KEY_LSApplicationCategoryType = "public.app-category.finance";
				INFOPLIST_KEY_NSHumanReadableCopyright = "";
				LD_RUNPATH_SEARCH_PATHS = (
					"$(inherited)",
					"@executable_path/../Frameworks",
				);
				MACOSX_DEPLOYMENT_TARGET = 14.6;
				MARKETING_VERSION = 1.1;
				PRODUCT_BUNDLE_IDENTIFIER = com.porteos.native.v2;
				PRODUCT_NAME = "$(TARGET_NAME)";
				REGISTER_APP_GROUPS = YES;
				STRING_CATALOG_GENERATE_SYMBOLS = YES;
				SWIFT_APPROACHABLE_CONCURRENCY = YES;
				SWIFT_DEFAULT_ACTOR_ISOLATION = MainActor;
				SWIFT_EMIT_LOC_STRINGS = YES;
				SWIFT_UPCOMING_FEATURE_MEMBER_IMPORT_VISIBILITY = YES;
				SWIFT_VERSION = 5.0;
			};
			name = Release;
		};
		2C1E3F092FECB3F9000026A3 /* Debug */ = {
			isa = XCBuildConfiguration;
			buildSettings = {
				BUNDLE_LOADER = "$(TEST_HOST)";
				CODE_SIGN_STYLE = Automatic;
				CURRENT_PROJECT_VERSION = 1;
				DEAD_CODE_STRIPPING = YES;
				DEVELOPMENT_TEAM = A33AU765BV;
				GENERATE_INFOPLIST_FILE = YES;
				MACOSX_DEPLOYMENT_TARGET = 26.5;
				MARKETING_VERSION = 1.0;
				PRODUCT_BUNDLE_IDENTIFIER = com.porteos.native.v2Tests;
				PRODUCT_NAME = "$(TARGET_NAME)";
				STRING_CATALOG_GENERATE_SYMBOLS = NO;
				SWIFT_APPROACHABLE_CONCURRENCY = YES;
				SWIFT_EMIT_LOC_STRINGS = NO;
				SWIFT_UPCOMING_FEATURE_MEMBER_IMPORT_VISIBILITY = YES;
				SWIFT_VERSION = 5.0;
				TEST_HOST = "$(BUILT_PRODUCTS_DIR)/PorteosIntelligence.app/$(BUNDLE_EXECUTABLE_FOLDER_PATH)/PorteosIntelligence";
			};
			name = Debug;
		};
		2C1E3F0A2FECB3F9000026A3 /* Release */ = {
			isa = XCBuildConfiguration;
			buildSettings = {
				BUNDLE_LOADER = "$(TEST_HOST)";
				CODE_SIGN_STYLE = Automatic;
				CURRENT_PROJECT_VERSION = 1;
				DEAD_CODE_STRIPPING = YES;
				DEVELOPMENT_TEAM = A33AU765BV;
				GENERATE_INFOPLIST_FILE = YES;
				MACOSX_DEPLOYMENT_TARGET = 26.5;
				MARKETING_VERSION = 1.0;
				PRODUCT_BUNDLE_IDENTIFIER = com.porteos.native.v2Tests;
				PRODUCT_NAME = "$(TARGET_NAME)";
				STRING_CATALOG_GENERATE_SYMBOLS = NO;
				SWIFT_APPROACHABLE_CONCURRENCY = YES;
				SWIFT_EMIT_LOC_STRINGS = NO;
				SWIFT_UPCOMING_FEATURE_MEMBER_IMPORT_VISIBILITY = YES;
				SWIFT_VERSION = 5.0;
				TEST_HOST = "$(BUILT_PRODUCTS_DIR)/PorteosIntelligence.app/$(BUNDLE_EXECUTABLE_FOLDER_PATH)/PorteosIntelligence";
			};
			name = Release;
		};
		2C1E3F0C2FECB3F9000026A3 /* Debug */ = {
			isa = XCBuildConfiguration;
			buildSettings = {
				CODE_SIGN_STYLE = Automatic;
				CURRENT_PROJECT_VERSION = 1;
				DEAD_CODE_STRIPPING = YES;
				DEVELOPMENT_TEAM = A33AU765BV;
				GENERATE_INFOPLIST_FILE = YES;
				MARKETING_VERSION = 1.0;
				PRODUCT_BUNDLE_IDENTIFIER = com.porteos.native.v2UITests;
				PRODUCT_NAME = "$(TARGET_NAME)";
				STRING_CATALOG_GENERATE_SYMBOLS = NO;
				SWIFT_APPROACHABLE_CONCURRENCY = YES;
				SWIFT_EMIT_LOC_STRINGS = NO;
				SWIFT_UPCOMING_FEATURE_MEMBER_IMPORT_VISIBILITY = YES;
				SWIFT_VERSION = 5.0;
				TEST_TARGET_NAME = PorteosIntelligence;
			};
			name = Debug;
		};
		2C1E3F0D2FECB3F9000026A3 /* Release */ = {
			isa = XCBuildConfiguration;
			buildSettings = {
				CODE_SIGN_STYLE = Automatic;
				CURRENT_PROJECT_VERSION = 1;
				DEAD_CODE_STRIPPING = YES;
				DEVELOPMENT_TEAM = A33AU765BV;
				GENERATE_INFOPLIST_FILE = YES;
				MARKETING_VERSION = 1.0;
				PRODUCT_BUNDLE_IDENTIFIER = com.porteos.native.v2UITests;
				PRODUCT_NAME = "$(TARGET_NAME)";
				STRING_CATALOG_GENERATE_SYMBOLS = NO;
				SWIFT_APPROACHABLE_CONCURRENCY = YES;
				SWIFT_EMIT_LOC_STRINGS = NO;
				SWIFT_UPCOMING_FEATURE_MEMBER_IMPORT_VISIBILITY = YES;
				SWIFT_VERSION = 5.0;
				TEST_TARGET_NAME = PorteosIntelligence;
			};
			name = Release;
		};
/* End XCBuildConfiguration section */

/* Begin XCConfigurationList section */
		2C1E3EDD2FECB3F6000026A3 /* Build configuration list for PBXProject "PorteosIntelligence" */ = {
			isa = XCConfigurationList;
			buildConfigurations = (
				2C1E3F032FECB3F9000026A3 /* Debug */,
				2C1E3F042FECB3F9000026A3 /* Release */,
			);
			defaultConfigurationIsVisible = 0;
			defaultConfigurationName = Release;
		};
		2C1E3F052FECB3F9000026A3 /* Build configuration list for PBXNativeTarget "PorteosIntelligence" */ = {
			isa = XCConfigurationList;
			buildConfigurations = (
				2C1E3F062FECB3F9000026A3 /* Debug */,
				2C1E3F072FECB3F9000026A3 /* Release */,
			);
			defaultConfigurationIsVisible = 0;
			defaultConfigurationName = Release;
		};
		2C1E3F082FECB3F9000026A3 /* Build configuration list for PBXNativeTarget "PorteosIntelligenceTests" */ = {
			isa = XCConfigurationList;
			buildConfigurations = (
				2C1E3F092FECB3F9000026A3 /* Debug */,
				2C1E3F0A2FECB3F9000026A3 /* Release */,
			);
			defaultConfigurationIsVisible = 0;
			defaultConfigurationName = Release;
		};
		2C1E3F0B2FECB3F9000026A3 /* Build configuration list for PBXNativeTarget "PorteosIntelligenceUITests" */ = {
			isa = XCConfigurationList;
			buildConfigurations = (
				2C1E3F0C2FECB3F9000026A3 /* Debug */,
				2C1E3F0D2FECB3F9000026A3 /* Release */,
			);
			defaultConfigurationIsVisible = 0;
			defaultConfigurationName = Release;
		};
/* End XCConfigurationList section */
	};
	rootObject = 2C1E3EDA2FECB3F6000026A3 /* Project object */;
}
